<Solution>
  <Folder Name="/Solution Items/" />
  <Folder Name="/Solution Items/build/">
    <File Path="Directory.Build.props" />
  </Folder>
  <Folder Name="/Solution Items/build/workflows/">
    <File Path=".github/workflows/caldav-release.yml" />
    <File Path=".github/workflows/development.yml" />
  </Folder>
  <Folder Name="/Solution Items/config/">
    <File Path=".editorconfig" />
    <File Path=".gitattributes" />
    <File Path=".gitignore" />
    <File Path="CodeMaid.config" />
    <File Path="nuget.config" />
  </Folder>
  <Folder Name="/Solution Items/docs/">
    <File Path="CHANGELOG.md" />
    <File Path="LICENSE.txt" />
    <File Path="README.md" />
  </Folder>
  <Folder Name="/src/">
    <File Path="src/Directory.Build.props" />
    <Project Path="src/AMWD.Protocols.CalDAV/AMWD.Protocols.CalDAV.csproj" />
    <Project Path="src/AMWD.Protocols.CardDAV/AMWD.Protocols.CardDAV.csproj" />
  </Folder>
  <Folder Name="/test/">
    <File Path="test/Directory.Build.props" />
    <Project Path="test/CalDAV.Tests/CalDAV.Tests.csproj" />
    <Project Path="test/CardDAV.Tests/CardDAV.Tests.csproj" />
  </Folder>
</Solution>
